version = 1
requires-python = ">=3.13"

[[package]]
name = "benchmarker"
version = "0.1.0"
source = { virtual = "." }
dependencies = [
    { name = "regex-maturin" },
]

[package.metadata]
requires-dist = [{ name = "regex-maturin", path = "../regex_maturin/release/regex_maturin-0.1.0-cp38-abi3-manylinux_2_34_x86_64.whl" }]

[[package]]
name = "regex-maturin"
version = "0.1.0"
source = { path = "../regex_maturin/release/regex_maturin-0.1.0-cp38-abi3-manylinux_2_34_x86_64.whl" }
wheels = [
    { filename = "regex_maturin-0.1.0-cp38-abi3-manylinux_2_34_x86_64.whl", hash = "sha256:ec8e45c983182ce44fe745774bb73596590de332c221359b8f73a145eaa2bdaf" },
]
